// !$*UTF8*$!
{
	archiveVersion = 1;
	classes = {
	};
	objectVersion = 46;
	objects = {

/* Begin PBXBuildFile section */
		1D6EB4E81A79636D00B3A617 /* main.m in Sources */ = {isa = PBXBuildFile; fileRef = 1D6EB4E71A79636D00B3A617 /* main.m */; };
		1D6EB4EB1A79636D00B3A617 /* AppDelegate.m in Sources */ = {isa = PBXBuildFile; fileRef = 1D6EB4EA1A79636D00B3A617 /* AppDelegate.m */; };
		1D6EB4EE1A79636D00B3A617 /* ViewController.m in Sources */ = {isa = PBXBuildFile; fileRef = 1D6EB4ED1A79636D00B3A617 /* ViewController.m */; };
		1D6EB4F11A79636D00B3A617 /* Main.storyboard in Resources */ = {isa = PBXBuildFile; fileRef = 1D6EB4EF1A79636D00B3A617 /* Main.storyboard */; };
		1D6EB4F31A79636D00B3A617 /* Images.xcassets in Resources */ = {isa = PBXBuildFile; fileRef = 1D6EB4F21A79636D00B3A617 /* Images.xcassets */; };
		1D6EB4F61A79636D00B3A617 /* LaunchScreen.xib in Resources */ = {isa = PBXBuildFile; fileRef = 1D6EB4F41A79636D00B3A617 /* LaunchScreen.xib */; };
		1D6EB5021A79636D00B3A617 /* EtsyListerTests.m in Sources */ = {isa = PBXBuildFile; fileRef = 1D6EB5011A79636D00B3A617 /* EtsyListerTests.m */; };
		1D6EB5101A796DA800B3A617 /* EtsyDataSource.m in Sources */ = {isa = PBXBuildFile; fileRef = 1D6EB50F1A796DA800B3A617 /* EtsyDataSource.m */; };
/* End PBXBuildFile section */

/* Begin PBXContainerItemProxy section */
		1D6EB4FC1A79636D00B3A617 /* PBXContainerItemProxy */ = {
			isa = PBXContainerItemProxy;
			containerPortal = 1D6EB4DA1A79636D00B3A617 /* Project object */;
			proxyType = 1;
			remoteGlobalIDString = 1D6EB4E11A79636D00B3A617;
			remoteInfo = EtsyLister;
		};
/* End PBXContainerItemProxy section */

/* Begin PBXFileReference section */
		1D6EB4E21A79636D00B3A617 /* EtsyLister.app */ = {isa = PBXFileReference; explicitFileType = wrapper.application; includeInIndex = 0; path = EtsyLister.app; sourceTree = BUILT_PRODUCTS_DIR; };
		1D6EB4E61A79636D00B3A617 /* Info.plist */ = {isa = PBXFileReference; lastKnownFileType = text.plist.xml; path = Info.plist; sourceTree = "<group>"; };
		1D6EB4E71A79636D00B3A617 /* main.m */ = {isa = PBXFileReference; lastKnownFileType = sourcecode.c.objc; path = main.m; sourceTree = "<group>"; };
		1D6EB4E91A79636D00B3A617 /* AppDelegate.h */ = {isa = PBXFileReference; lastKnownFileType = sourcecode.c.h; path = AppDelegate.h; sourceTree = "<group>"; };
		1D6EB4EA1A79636D00B3A617 /* AppDelegate.m */ = {isa = PBXFileReference; lastKnownFileType = sourcecode.c.objc; path = AppDelegate.m; sourceTree = "<group>"; };
		1D6EB4EC1A79636D00B3A617 /* ViewController.h */ = {isa = PBXFileReference; lastKnownFileType = sourcecode.c.h; path = ViewController.h; sourceTree = "<group>"; };
		1D6EB4ED1A79636D00B3A617 /* ViewController.m */ = {isa = PBXFileReference; lastKnownFileType = sourcecode.c.objc; path = ViewController.m; sourceTree = "<group>"; };
		1D6EB4F01A79636D00B3A617 /* Base */ = {isa = PBXFileReference; lastKnownFileType = file.storyboard; name = Base; path = Base.lproj/Main.storyboard; sourceTree = "<group>"; };
		1D6EB4F21A79636D00B3A617 /* Images.xcassets */ = {isa = PBXFileReference; lastKnownFileType = folder.assetcatalog; path = Images.xcassets; sourceTree = "<group>"; };
		1D6EB4F51A79636D00B3A617 /* Base */ = {isa = PBXFileReference; lastKnownFileType = file.xib; name = Base; path = Base.lproj/LaunchScreen.xib; sourceTree = "<group>"; };
		1D6EB4FB1A79636D00B3A617 /* EtsyListerTests.xctest */ = {isa = PBXFileReference; explicitFileType = wrapper.cfbundle; includeInIndex = 0; path = EtsyListerTests.xctest; sourceTree = BUILT_PRODUCTS_DIR; };
		1D6EB5001A79636D00B3A617 /* Info.plist */ = {isa = PBXFileReference; lastKnownFileType = text.plist.xml; path = Info.plist; sourceTree = "<group>"; };
		1D6EB5011A79636D00B3A617 /* EtsyListerTests.m */ = {isa = PBXFileReference; lastKnownFileType = sourcecode.c.objc; path = EtsyListerTests.m; sourceTree = "<group>"; };
		1D6EB50E1A796DA800B3A617 /* EtsyDataSource.h */ = {isa = PBXFileReference; fileEncoding = 4; lastKnownFileType = sourcecode.c.h; path = EtsyDataSource.h; sourceTree = "<group>"; };
		1D6EB50F1A796DA800B3A617 /* EtsyDataSource.m */ = {isa = PBXFileReference; fileEncoding = 4; lastKnownFileType = sourcecode.c.objc; path = EtsyDataSource.m; sourceTree = "<group>"; };
/* End PBXFileReference section */

/* Begin PBXFrameworksBuildPhase section */
		1D6EB4DF1A79636D00B3A617 /* Frameworks */ = {
			isa = PBXFrameworksBuildPhase;
			buildActionMask = 2147483647;
			files = (
			);
			runOnlyForDeploymentPostprocessing = 0;
		};
		1D6EB4F81A79636D00B3A617 /* Frameworks */ = {
			isa = PBXFrameworksBuildPhase;
			buildActionMask = 2147483647;
			files = (
			);
			runOnlyForDeploymentPostprocessing = 0;
		};
/* End PBXFrameworksBuildPhase section */

/* Begin PBXGroup section */
		1D6EB4D91A79636D00B3A617 = {
			isa = PBXGroup;
			children = (
				1D6EB4E41A79636D00B3A617 /* EtsyLister */,
				1D6EB4FE1A79636D00B3A617 /* EtsyListerTests */,
				1D6EB4E31A79636D00B3A617 /* Products */,
			);
			sourceTree = "<group>";
		};
		1D6EB4E31A79636D00B3A617 /* Products */ = {
			isa = PBXGroup;
			children = (
				1D6EB4E21A79636D00B3A617 /* EtsyLister.app */,
				1D6EB4FB1A79636D00B3A617 /* EtsyListerTests.xctest */,
			);
			name = Products;
			sourceTree = "<group>";
		};
		1D6EB4E41A79636D00B3A617 /* EtsyLister */ = {
			isa = PBXGroup;
			children = (
				1D6EB4E91A79636D00B3A617 /* AppDelegate.h */,
				1D6EB4EA1A79636D00B3A617 /* AppDelegate.m */,
				1D6EB4EC1A79636D00B3A617 /* ViewController.h */,
				1D6EB4ED1A79636D00B3A617 /* ViewController.m */,
				1D6EB4EF1A79636D00B3A617 /* Main.storyboard */,
				1D6EB4F21A79636D00B3A617 /* Images.xcassets */,
				1D6EB4F41A79636D00B3A617 /* LaunchScreen.xib */,
				1D6EB4E51A79636D00B3A617 /* Supporting Files */,
				1D6EB50E1A796DA800B3A617 /* EtsyDataSource.h */,
				1D6EB50F1A796DA800B3A617 /* EtsyDataSource.m */,
			);
			path = EtsyLister;
			sourceTree = "<group>";
		};
		1D6EB4E51A79636D00B3A617 /* Supporting Files */ = {
			isa = PBXGroup;
			children = (
				1D6EB4E61A79636D00B3A617 /* Info.plist */,
				1D6EB4E71A79636D00B3A617 /* main.m */,
			);
			name = "Supporting Files";
			sourceTree = "<group>";
		};
		1D6EB4FE1A79636D00B3A617 /* EtsyListerTests */ = {
			isa = PBXGroup;
			children = (
				1D6EB5011A79636D00B3A617 /* EtsyListerTests.m */,
				1D6EB4FF1A79636D00B3A617 /* Supporting Files */,
			);
			path = EtsyListerTests;
			sourceTree = "<group>";
		};
		1D6EB4FF1A79636D00B3A617 /* Supporting Files */ = {
			isa = PBXGroup;
			children = (
				1D6EB5001A79636D00B3A617 /* Info.plist */,
			);
			name = "Supporting Files";
			sourceTree = "<group>";
		};
/* End PBXGroup section */

/* Begin PBXNativeTarget section */
		1D6EB4E11A79636D00B3A617 /* EtsyLister */ = {
			isa = PBXNativeTarget;
			buildConfigurationList = 1D6EB5051A79636D00B3A617 /* Build configuration list for PBXNativeTarget "EtsyLister" */;
			buildPhases = (
				1D6EB4DE1A79636D00B3A617 /* Sources */,
				1D6EB4DF1A79636D00B3A617 /* Frameworks */,
				1D6EB4E01A79636D00B3A617 /* Resources */,
			);
			buildRules = (
			);
			dependencies = (
			);
			name = EtsyLister;
			productName = EtsyLister;
			productReference = 1D6EB4E21A79636D00B3A617 /* EtsyLister.app */;
			productType = "com.apple.product-type.application";
		};
		1D6EB4FA1A79636D00B3A617 /* EtsyListerTests */ = {
			isa = PBXNativeTarget;
			buildConfigurationList = 1D6EB5081A79636D00B3A617 /* Build configuration list for PBXNativeTarget "EtsyListerTests" */;
			buildPhases = (
				1D6EB4F71A79636D00B3A617 /* Sources */,
				1D6EB4F81A79636D00B3A617 /* Frameworks */,
				1D6EB4F91A79636D00B3A617 /* Resources */,
			);
			buildRules = (
			);
			dependencies = (
				1D6EB4FD1A79636D00B3A617 /* PBXTargetDependency */,
			);
			name = EtsyListerTests;
			productName = EtsyListerTests;
			productReference = 1D6EB4FB1A79636D00B3A617 /* EtsyListerTests.xctest */;
			productType = "com.apple.product-type.bundle.unit-test";
		};
/* End PBXNativeTarget section */

/* Begin PBXProject section */
		1D6EB4DA1A79636D00B3A617 /* Project object */ = {
			isa = PBXProject;
			attributes = {
				LastUpgradeCheck = 0610;
				ORGANIZATIONNAME = "Rick Windham";
				TargetAttributes = {
					1D6EB4E11A79636D00B3A617 = {
						CreatedOnToolsVersion = 6.1.1;
						DevelopmentTeam = TM7482QQ7Q;
					};
					1D6EB4FA1A79636D00B3A617 = {
						CreatedOnToolsVersion = 6.1.1;
						TestTargetID = 1D6EB4E11A79636D00B3A617;
					};
				};
			};
			buildConfigurationList = 1D6EB4DD1A79636D00B3A617 /* Build configuration list for PBXProject "EtsyLister" */;
			compatibilityVersion = "Xcode 3.2";
			developmentRegion = English;
			hasScannedForEncodings = 0;
			knownRegions = (
				en,
				Base,
			);
			mainGroup = 1D6EB4D91A79636D00B3A617;
			productRefGroup = 1D6EB4E31A79636D00B3A617 /* Products */;
			projectDirPath = "";
			projectRoot = "";
			targets = (
				1D6EB4E11A79636D00B3A617 /* EtsyLister */,
				1D6EB4FA1A79636D00B3A617 /* EtsyListerTests */,
			);
		};
/* End PBXProject section */

/* Begin PBXResourcesBuildPhase section */
		1D6EB4E01A79636D00B3A617 /* Resources */ = {
			isa = PBXResourcesBuildPhase;
			buildActionMask = 2147483647;
			files = (
				1D6EB4F11A79636D00B3A617 /* Main.storyboard in Resources */,
				1D6EB4F61A79636D00B3A617 /* LaunchScreen.xib in Resources */,
				1D6EB4F31A79636D00B3A617 /* Images.xcassets in Resources */,
			);
			runOnlyForDeploymentPostprocessing = 0;
		};
		1D6EB4F91A79636D00B3A617 /* Resources */ = {
			isa = PBXResourcesBuildPhase;
			buildActionMask = 2147483647;
			files = (
			);
			runOnlyForDeploymentPostprocessing = 0;
		};
/* End PBXResourcesBuildPhase section */

/* Begin PBXSourcesBuildPhase section */
		1D6EB4DE1A79636D00B3A617 /* Sources */ = {
			isa = PBXSourcesBuildPhase;
			buildActionMask = 2147483647;
			files = (
				1D6EB4EE1A79636D00B3A617 /* ViewController.m in Sources */,
				1D6EB4EB1A79636D00B3A617 /* AppDelegate.m in Sources */,
				1D6EB4E81A79636D00B3A617 /* main.m in Sources */,
				1D6EB5101A796DA800B3A617 /* EtsyDataSource.m in Sources */,
			);
			runOnlyForDeploymentPostprocessing = 0;
		};
		1D6EB4F71A79636D00B3A617 /* Sources */ = {
			isa = PBXSourcesBuildPhase;
			buildActionMask = 2147483647;
			files = (
				1D6EB5021A79636D00B3A617 /* EtsyListerTests.m in Sources */,
			);
			runOnlyForDeploymentPostprocessing = 0;
		};
/* End PBXSourcesBuildPhase section */

/* Begin PBXTargetDependency section */
		1D6EB4FD1A79636D00B3A617 /* PBXTargetDependency */ = {
			isa = PBXTargetDependency;
			target = 1D6EB4E11A79636D00B3A617 /* EtsyLister */;
			targetProxy = 1D6EB4FC1A79636D00B3A617 /* PBXContainerItemProxy */;
		};
/* End PBXTargetDependency section */

/* Begin PBXVariantGroup section */
		1D6EB4EF1A79636D00B3A617 /* Main.storyboard */ = {
			isa = PBXVariantGroup;
			children = (
				1D6EB4F01A79636D00B3A617 /* Base */,
			);
			name = Main.storyboard;
			sourceTree = "<group>";
		};
		1D6EB4F41A79636D00B3A617 /* LaunchScreen.xib */ = {
			isa = PBXVariantGroup;
			children = (
				1D6EB4F51A79636D00B3A617 /* Base */,
			);
			name = LaunchScreen.xib;
			sourceTree = "<group>";
		};
/* End PBXVariantGroup section */

/* Begin XCBuildConfiguration section */
		1D6EB5031A79636D00B3A617 /* Debug */ = {
			isa = XCBuildConfiguration;
			buildSettings = {
				ALWAYS_SEARCH_USER_PATHS = NO;
				CLANG_CXX_LANGUAGE_STANDARD = "gnu++0x";
				CLANG_CXX_LIBRARY = "libc++";
				CLANG_ENABLE_MODULES = YES;
				CLANG_ENABLE_OBJC_ARC = YES;
				CLANG_WARN_BOOL_CONVERSION = YES;
				CLANG_WARN_CONSTANT_CONVERSION = YES;
				CLANG_WARN_DIRECT_OBJC_ISA_USAGE = YES_ERROR;
				CLANG_WARN_EMPTY_BODY = YES;
				CLANG_WARN_ENUM_CONVERSION = YES;
				CLANG_WARN_INT_CONVERSION = YES;
				CLANG_WARN_OBJC_ROOT_CLASS = YES_ERROR;
				CLANG_WARN_UNREACHABLE_CODE = YES;
				CLANG_WARN__DUPLICATE_METHOD_MATCH = YES;
				"CODE_SIGN_IDENTITY[sdk=iphoneos*]" = "iPhone Developer";
				COPY_PHASE_STRIP = NO;
				ENABLE_STRICT_OBJC_MSGSEND = YES;
				GCC_C_LANGUAGE_STANDARD = gnu99;
				GCC_DYNAMIC_NO_PIC = NO;
				GCC_OPTIMIZATION_LEVEL = 0;
				GCC_PREPROCESSOR_DEFINITIONS = (
					"DEBUG=1",
					"$(inherited)",
				);
				GCC_SYMBOLS_PRIVATE_EXTERN = NO;
				GCC_WARN_64_TO_32_BIT_CONVERSION = YES;
				GCC_WARN_ABOUT_RETURN_TYPE = YES_ERROR;
				GCC_WARN_UNDECLARED_SELECTOR = YES;
				GCC_WARN_UNINITIALIZED_AUTOS = YES_AGGRESSIVE;
				GCC_WARN_UNUSED_FUNCTION = YES;
				GCC_WARN_UNUSED_VARIABLE = YES;
				IPHONEOS_DEPLOYMENT_TARGET = 8.1;
				MTL_ENABLE_DEBUG_INFO = YES;
				ONLY_ACTIVE_ARCH = YES;
				SDKROOT = iphoneos;
				TARGETED_DEVICE_FAMILY = "1,2";
			};
			name = Debug;
		};
		1D6EB5041A79636D00B3A617 /* Release */ = {
			isa = XCBuildConfiguration;
			buildSettings = {
				ALWAYS_SEARCH_USER_PATHS = NO;
				CLANG_CXX_LANGUAGE_STANDARD = "gnu++0x";
				CLANG_CXX_LIBRARY = "libc++";
				CLANG_ENABLE_MODULES = YES;
				CLANG_ENABLE_OBJC_ARC = YES;
				CLANG_WARN_BOOL_CONVERSION = YES;
				CLANG_WARN_CONSTANT_CONVERSION = YES;
				CLANG_WARN_DIRECT_OBJC_ISA_USAGE = YES_ERROR;
				CLANG_WARN_EMPTY_BODY = YES;
				CLANG_WARN_ENUM_CONVERSION = YES;
				CLANG_WARN_INT_CONVERSION = YES;
				CLANG_WARN_OBJC_ROOT_CLASS = YES_ERROR;
				CLANG_WARN_UNREACHABLE_CODE = YES;
				CLANG_WARN__DUPLICATE_METHOD_MATCH = YES;
				"CODE_SIGN_IDENTITY[sdk=iphoneos*]" = "iPhone Developer";
				COPY_PHASE_STRIP = YES;
				ENABLE_NS_ASSERTIONS = NO;
				ENABLE_STRICT_OBJC_MSGSEND = YES;
				GCC_C_LANGUAGE_STANDARD = gnu99;
				GCC_WARN_64_TO_32_BIT_CONVERSION = YES;
				GCC_WARN_ABOUT_RETURN_TYPE = YES_ERROR;
				GCC_WARN_UNDECLARED_SELECTOR = YES;
				GCC_WARN_UNINITIALIZED_AUTOS = YES_AGGRESSIVE;
				GCC_WARN_UNUSED_FUNCTION = YES;
				GCC_WARN_UNUSED_VARIABLE = YES;
				IPHONEOS_DEPLOYMENT_TARGET = 8.1;
				MTL_ENABLE_DEBUG_INFO = NO;
				SDKROOT = iphoneos;
				TARGETED_DEVICE_FAMILY = "1,2";
				VALIDATE_PRODUCT = YES;
			};
			name = Release;
		};
		1D6EB5061A79636D00B3A617 /* Debug */ = {
			isa = XCBuildConfiguration;
			buildSettings = {
				ASSETCATALOG_COMPILER_APPICON_NAME = AppIcon;
				CODE_SIGN_IDENTITY = "iPhone Developer";
				INFOPLIST_FILE = EtsyLister/Info.plist;
				LD_RUNPATH_SEARCH_PATHS = "$(inherited) @executable_path/Frameworks";
				PRODUCT_NAME = "$(TARGET_NAME)";
			};
			name = Debug;
		};
		1D6EB5071A79636D00B3A617 /* Release */ = {
			isa = XCBuildConfiguration;
			buildSettings = {
				ASSETCATALOG_COMPILER_APPICON_NAME = AppIcon;
				CODE_SIGN_IDENTITY = "iPhone Developer";
				INFOPLIST_FILE = EtsyLister/Info.plist;
				LD_RUNPATH_SEARCH_PATHS = "$(inherited) @executable_path/Frameworks";
				PRODUCT_NAME = "$(TARGET_NAME)";
			};
			name = Release;
		};
		1D6EB5091A79636D00B3A617 /* Debug */ = {
			isa = XCBuildConfiguration;
			buildSettings = {
				BUNDLE_LOADER = "$(TEST_HOST)";
				FRAMEWORK_SEARCH_PATHS = (
					"$(SDKROOT)/Developer/Library/Frameworks",
					"$(inherited)",
				);
				GCC_PREPROCESSOR_DEFINITIONS = (
					"DEBUG=1",
					"$(inherited)",
				);
				INFOPLIST_FILE = EtsyListerTests/Info.plist;
				LD_RUNPATH_SEARCH_PATHS = "$(inherited) @executable_path/Frameworks @loader_path/Frameworks";
				PRODUCT_NAME = "$(TARGET_NAME)";
				TEST_HOST = "$(BUILT_PRODUCTS_DIR)/EtsyLister.app/EtsyLister";
			};
			name = Debug;
		};
		1D6EB50A1A79636D00B3A617 /* Release */ = {
			isa = XCBuildConfiguration;
			buildSettings = {
				BUNDLE_LOADER = "$(TEST_HOST)";
				FRAMEWORK_SEARCH_PATHS = (
					"$(SDKROOT)/Developer/Library/Frameworks",
					"$(inherited)",
				);
				INFOPLIST_FILE = EtsyListerTests/Info.plist;
				LD_RUNPATH_SEARCH_PATHS = "$(inherited) @executable_path/Frameworks @loader_path/Frameworks";
				PRODUCT_NAME = "$(TARGET_NAME)";
				TEST_HOST = "$(BUILT_PRODUCTS_DIR)/EtsyLister.app/EtsyLister";
			};
			name = Release;
		};
/* End XCBuildConfiguration section */

/* Begin XCConfigurationList section */
		1D6EB4DD1A79636D00B3A617 /* Build configuration list for PBXProject "EtsyLister" */ = {
			isa = XCConfigurationList;
			buildConfigurations = (
				1D6EB5031A79636D00B3A617 /* Debug */,
				1D6EB5041A79636D00B3A617 /* Release */,
			);
			defaultConfigurationIsVisible = 0;
			defaultConfigurationName = Release;
		};
		1D6EB5051A79636D00B3A617 /* Build configuration list for PBXNativeTarget "EtsyLister" */ = {
			isa = XCConfigurationList;
			buildConfigurations = (
				1D6EB5061A79636D00B3A617 /* Debug */,
				1D6EB5071A79636D00B3A617 /* Release */,
			);
			defaultConfigurationIsVisible = 0;
			defaultConfigurationName = Release;
		};
		1D6EB5081A79636D00B3A617 /* Build configuration list for PBXNativeTarget "EtsyListerTests" */ = {
			isa = XCConfigurationList;
			buildConfigurations = (
				1D6EB5091A79636D00B3A617 /* Debug */,
				1D6EB50A1A79636D00B3A617 /* Release */,
			);
			defaultConfigurationIsVisible = 0;
			defaultConfigurationName = Release;
		};
/* End XCConfigurationList section */
	};
	rootObject = 1D6EB4DA1A79636D00B3A617 /* Project object */;
}
